
Microsoft Visual Studio Solution File, Format Version 12.00
Project("{FAE04EC0-301F-11D3-BF4B-00C04F79EFBC}") = "CalculatorWpf", "CalculatorWpf\CalculatorWpf.csproj", "{096F4E2E-04AA-4103-A62C-C9119763ABFD}"
EndProject
Global
	GlobalSection(SolutionConfigurationPlatforms) = preSolution
		Debug|Any CPU = Debug|Any CPU
		Release|Any CPU = Release|Any CPU
	EndGlobalSection
	GlobalSection(ProjectConfigurationPlatforms) = postSolution
		{096F4E2E-04AA-4103-A62C-C9119763ABFD}.Debug|Any CPU.ActiveCfg = Debug|Any CPU
		{096F4E2E-04AA-4103-A62C-C9119763ABFD}.Debug|Any CPU.Build.0 = Debug|Any CPU
		{096F4E2E-04AA-4103-A62C-C9119763ABFD}.Release|Any CPU.ActiveCfg = Release|Any CPU
		{096F4E2E-04AA-4103-A62C-C9119763ABFD}.Release|Any CPU.Build.0 = Release|Any CPU
	EndGlobalSection
EndGlobal
