
Microsoft Visual Studio Solution File, Format Version 12.00
Project("{FAE04EC0-301F-11D3-BF4B-00C04F79EFBC}") = "WpfTest", "WpfTest\WpfTest.csproj", "{BFBFAF94-6A34-481A-ABB4-7E90A45C857F}"
EndProject
Global
	GlobalSection(SolutionConfigurationPlatforms) = preSolution
		Debug|Any CPU = Debug|Any CPU
		Release|Any CPU = Release|Any CPU
	EndGlobalSection
	GlobalSection(ProjectConfigurationPlatforms) = postSolution
		{BFBFAF94-6A34-481A-ABB4-7E90A45C857F}.Debug|Any CPU.ActiveCfg = Debug|Any CPU
		{BFBFAF94-6A34-481A-ABB4-7E90A45C857F}.Debug|Any CPU.Build.0 = Debug|Any CPU
		{BFBFAF94-6A34-481A-ABB4-7E90A45C857F}.Release|Any CPU.ActiveCfg = Release|Any CPU
		{BFBFAF94-6A34-481A-ABB4-7E90A45C857F}.Release|Any CPU.Build.0 = Release|Any CPU
	EndGlobalSection
EndGlobal
